hash: eb523fc7df86ed896a1cccf15ffb01de5a934d83974b04e77c98d6daa1f7604e
updated: 2019-04-12T19:17:52.365683+08:00
imports:
- name: github.com/bsm/sarama-cluster
  version: c618e605e15c0d7535f6c96ff8efbb0dba4fd66c
- name: github.com/DataDog/zstd
  version: 69c5189b6513b1503c9c5332fb2e96362e51d547
- name: github.com/davecgh/go-spew
  version: d8f796af33cc11cb798c1aaeb27a4ebc5099927d
  subpackages:
  - spew
- name: github.com/eapache/go-resiliency
  version: 842e16ec2c98ef0c59eebfe60d2d3500a793ba19
  subpackages:
  - breaker
- name: github.com/eapache/go-xerial-snappy
  version: 776d5712da21bc4762676d614db1d8a64f4238b0
- name: github.com/eapache/queue
  version: 093482f3f8ce946c05bcba64badd2c82369e084d
- name: github.com/golang/snappy
  version: 2a8bb927dd31d8daada140a5d09578521ce5c36a
- name: github.com/nsqio/go-nsq
  version: eee57a3ac4174c55924125bb15eeeda8cffb6e6f
- name: github.com/pierrec/lz4
  version: 315a67e90e415bcdaff33057da191569bf4d8479
  subpackages:
  - internal/xxh32
- name: github.com/rcrowley/go-metrics
  version: 3113b8401b8a98917cde58f8bbd42a1b1c03b1fd
- name: github.com/Shopify/sarama
  version: 5d2af84cf5e2dd36f2daecaaafa13c4e286f20fd
- name: golang.org/x/net
  version: eb5bcb51f2a31c7d5141d810b70815c05d9c9146
  subpackages:
  - internal/socks
  - proxy
testImports: []
